// !$*UTF8*$!
{
	archiveVersion = 1;
	classes = {
	};
	objectVersion = 48;
	objects = {

/* Begin PBXBuildFile section */
		31FAFDBB119BA2A302BC20AA /* Pods_QuickStartExampleApp.framework in Frameworks */ = {isa = PBXBuildFile; fileRef = 775A1E235B9008B0EE824683 /* Pods_QuickStartExampleApp.framework */; };
		327DD6AE1FB3AA49008DADC2 /* AppDelegate.swift in Sources */ = {isa = PBXBuildFile; fileRef = 327DD6AD1FB3AA49008DADC2 /* AppDelegate.swift */; };
		327DD6B01FB3AA49008DADC2 /* ViewController.swift in Sources */ = {isa = PBXBuildFile; fileRef = 327DD6AF1FB3AA49008DADC2 /* ViewController.swift */; };
		327DD6B31FB3AA49008DADC2 /* Main.storyboard in Resources */ = {isa = PBXBuildFile; fileRef = 327DD6B11FB3AA49008DADC2 /* Main.storyboard */; };
		327DD6B51FB3AA49008DADC2 /* Assets.xcassets in Resources */ = {isa = PBXBuildFile; fileRef = 327DD6B41FB3AA49008DADC2 /* Assets.xcassets */; };
		327DD6B81FB3AA49008DADC2 /* LaunchScreen.storyboard in Resources */ = {isa = PBXBuildFile; fileRef = 327DD6B61FB3AA49008DADC2 /* LaunchScreen.storyboard */; };
		327DD6C31FB3AA49008DADC2 /* QuickStartExampleAppTests.swift in Sources */ = {isa = PBXBuildFile; fileRef = 327DD6C21FB3AA49008DADC2 /* QuickStartExampleAppTests.swift */; };
		327DD6CE1FB3AA49008DADC2 /* QuickStartExampleAppUITests.swift in Sources */ = {isa = PBXBuildFile; fileRef = 327DD6CD1FB3AA49008DADC2 /* QuickStartExampleAppUITests.swift */; };
		328C1A841FB521E300511129 /* AppDelegate.swift in Sources */ = {isa = PBXBuildFile; fileRef = 327DD6AD1FB3AA49008DADC2 /* AppDelegate.swift */; };
		328C1A851FB521E400511129 /* AppDelegate.swift in Sources */ = {isa = PBXBuildFile; fileRef = 327DD6AD1FB3AA49008DADC2 /* AppDelegate.swift */; };
		4EB32628064A21544A24DE2F /* Pods_QuickStartExampleAppUITests.framework in Frameworks */ = {isa = PBXBuildFile; fileRef = DD30C375E8E729C0361C36F0 /* Pods_QuickStartExampleAppUITests.framework */; };
		6DEFB8AC23ADD74BDD1E6DB8 /* Pods_QuickStartExampleAppTests.framework in Frameworks */ = {isa = PBXBuildFile; fileRef = 8556010FBEE2AB777B6AF858 /* Pods_QuickStartExampleAppTests.framework */; };
		BC4486BA23CF9E9400AB2174 /* postVC.swift in Sources */ = {isa = PBXBuildFile; fileRef = BC4486B923CF9E9400AB2174 /* postVC.swift */; };
		BC4486BC23CF9EA900AB2174 /* postCell.swift in Sources */ = {isa = PBXBuildFile; fileRef = BC4486BB23CF9EA900AB2174 /* postCell.swift */; };
		BC57783123BBC07A0089D723 /* Bolts.framework in Frameworks */ = {isa = PBXBuildFile; fileRef = BC57782F23BBC07A0089D723 /* Bolts.framework */; };
		BC57783223BBC07A0089D723 /* Parse.framework in Frameworks */ = {isa = PBXBuildFile; fileRef = BC57783023BBC07A0089D723 /* Parse.framework */; };
		BC57783423BBC12C0089D723 /* AudioToolbox.framework in Frameworks */ = {isa = PBXBuildFile; fileRef = BC57783323BBC12C0089D723 /* AudioToolbox.framework */; };
		BC57783623BBC14B0089D723 /* CFNetwork.framework in Frameworks */ = {isa = PBXBuildFile; fileRef = BC57783523BBC14B0089D723 /* CFNetwork.framework */; };
		BC57783823BBC15D0089D723 /* CoreGraphics.framework in Frameworks */ = {isa = PBXBuildFile; fileRef = BC57783723BBC15D0089D723 /* CoreGraphics.framework */; };
		BC57783A23BBC1620089D723 /* CoreLocation.framework in Frameworks */ = {isa = PBXBuildFile; fileRef = BC57783923BBC1620089D723 /* CoreLocation.framework */; };
		BC57783C23BBC16F0089D723 /* QuartzCore.framework in Frameworks */ = {isa = PBXBuildFile; fileRef = BC57783B23BBC16F0089D723 /* QuartzCore.framework */; };
		BC57783E23BBC1790089D723 /* Security.framework in Frameworks */ = {isa = PBXBuildFile; fileRef = BC57783D23BBC1790089D723 /* Security.framework */; };
		BC57784023BBC1810089D723 /* StoreKit.framework in Frameworks */ = {isa = PBXBuildFile; fileRef = BC57783F23BBC1810089D723 /* StoreKit.framework */; };
		BC57784223BBC1890089D723 /* SystemConfiguration.framework in Frameworks */ = {isa = PBXBuildFile; fileRef = BC57784123BBC1890089D723 /* SystemConfiguration.framework */; };
		BC57784423BBC1DE0089D723 /* libz.1.2.11.tbd in Frameworks */ = {isa = PBXBuildFile; fileRef = BC57784323BBC1DE0089D723 /* libz.1.2.11.tbd */; };
		BC57784623BBC1FC0089D723 /* libsqlite3.tbd in Frameworks */ = {isa = PBXBuildFile; fileRef = BC57784523BBC1FC0089D723 /* libsqlite3.tbd */; };
		BC5BE59123BA69410051A1FE /* color blocks1.png in Resources */ = {isa = PBXBuildFile; fileRef = BC5BE59023BA69410051A1FE /* color blocks1.png */; };
		BC61367423BBDA7900A79A18 /* signInVC.swift in Sources */ = {isa = PBXBuildFile; fileRef = BC61367323BBDA7900A79A18 /* signInVC.swift */; };
		BC61367623BBDAA400A79A18 /* signUpVC.swift in Sources */ = {isa = PBXBuildFile; fileRef = BC61367523BBDAA400A79A18 /* signUpVC.swift */; };
		BC61367823BBDABD00A79A18 /* resetPasswordVC.swift in Sources */ = {isa = PBXBuildFile; fileRef = BC61367723BBDABD00A79A18 /* resetPasswordVC.swift */; };
		BC61367A23BBF4B900A79A18 /* ppl.png in Resources */ = {isa = PBXBuildFile; fileRef = BC61367923BBF4B800A79A18 /* ppl.png */; };
		BC61367D23C173D700A79A18 /* Pacifico.ttf in Resources */ = {isa = PBXBuildFile; fileRef = BC61367C23C173D700A79A18 /* Pacifico.ttf */; };
		BC61367E23C173D700A79A18 /* Pacifico.ttf in Resources */ = {isa = PBXBuildFile; fileRef = BC61367C23C173D700A79A18 /* Pacifico.ttf */; };
		BC61367F23C173D700A79A18 /* Pacifico.ttf in Resources */ = {isa = PBXBuildFile; fileRef = BC61367C23C173D700A79A18 /* Pacifico.ttf */; };
		BC61368123C1780B00A79A18 /* bg.jpg in Resources */ = {isa = PBXBuildFile; fileRef = BC61368023C1780B00A79A18 /* bg.jpg */; };
		BC61368223C1780B00A79A18 /* bg.jpg in Resources */ = {isa = PBXBuildFile; fileRef = BC61368023C1780B00A79A18 /* bg.jpg */; };
		BC61368323C1780B00A79A18 /* bg.jpg in Resources */ = {isa = PBXBuildFile; fileRef = BC61368023C1780B00A79A18 /* bg.jpg */; };
		BC61368523C3995A00A79A18 /* homeVC.swift in Sources */ = {isa = PBXBuildFile; fileRef = BC61368423C3995A00A79A18 /* homeVC.swift */; };
		BC61368623C3995A00A79A18 /* homeVC.swift in Sources */ = {isa = PBXBuildFile; fileRef = BC61368423C3995A00A79A18 /* homeVC.swift */; };
		BC61368723C3995A00A79A18 /* homeVC.swift in Sources */ = {isa = PBXBuildFile; fileRef = BC61368423C3995A00A79A18 /* homeVC.swift */; };
		BC61368923C39A2400A79A18 /* headerView.swift in Sources */ = {isa = PBXBuildFile; fileRef = BC61368823C39A2400A79A18 /* headerView.swift */; };
		BC61368A23C39A2400A79A18 /* headerView.swift in Sources */ = {isa = PBXBuildFile; fileRef = BC61368823C39A2400A79A18 /* headerView.swift */; };
		BC61368B23C39A2400A79A18 /* headerView.swift in Sources */ = {isa = PBXBuildFile; fileRef = BC61368823C39A2400A79A18 /* headerView.swift */; };
		BC61368D23C3A6B300A79A18 /* pictureCell.swift in Sources */ = {isa = PBXBuildFile; fileRef = BC61368C23C3A6B300A79A18 /* pictureCell.swift */; };
		BC89760823C65F0F00E1E261 /* guestVC.swift in Sources */ = {isa = PBXBuildFile; fileRef = BC89760723C65F0F00E1E261 /* guestVC.swift */; };
		BC89760A23C96DBD00E1E261 /* editVC.swift in Sources */ = {isa = PBXBuildFile; fileRef = BC89760923C96DBD00E1E261 /* editVC.swift */; };
		BCF3B1FC23CCF08900C5AE35 /* postbg.jpeg in Resources */ = {isa = PBXBuildFile; fileRef = BCF3B1FB23CCF08900C5AE35 /* postbg.jpeg */; };
		BCF3B1FE23CCF24200C5AE35 /* uploadVC.swift in Sources */ = {isa = PBXBuildFile; fileRef = BCF3B1FD23CCF24200C5AE35 /* uploadVC.swift */; };
		BCF8DBAD23C50F9C004BF964 /* followersVC.swift in Sources */ = {isa = PBXBuildFile; fileRef = BCF8DBAC23C50F9C004BF964 /* followersVC.swift */; };
		BCF8DBAF23C50FFB004BF964 /* followersCell.swift in Sources */ = {isa = PBXBuildFile; fileRef = BCF8DBAE23C50FFB004BF964 /* followersCell.swift */; };
/* End PBXBuildFile section */

/* Begin PBXContainerItemProxy section */
		327DD6BF1FB3AA49008DADC2 /* PBXContainerItemProxy */ = {
			isa = PBXContainerItemProxy;
			containerPortal = 327DD6A21FB3AA48008DADC2 /* Project object */;
			proxyType = 1;
			remoteGlobalIDString = 327DD6A91FB3AA48008DADC2;
			remoteInfo = QuickStartExampleApp;
		};
		327DD6CA1FB3AA49008DADC2 /* PBXContainerItemProxy */ = {
			isa = PBXContainerItemProxy;
			containerPortal = 327DD6A21FB3AA48008DADC2 /* Project object */;
			proxyType = 1;
			remoteGlobalIDString = 327DD6A91FB3AA48008DADC2;
			remoteInfo = QuickStartExampleApp;
		};
/* End PBXContainerItemProxy section */

/* Begin PBXFileReference section */
		0E045F7B34373DBB66EE3EEF /* Pods-QuickStartExampleAppTests.debug.xcconfig */ = {isa = PBXFileReference; includeInIndex = 1; lastKnownFileType = text.xcconfig; name = "Pods-QuickStartExampleAppTests.debug.xcconfig"; path = "Pods/Target Support Files/Pods-QuickStartExampleAppTests/Pods-QuickStartExampleAppTests.debug.xcconfig"; sourceTree = "<group>"; };
		2A210462ECCC90785025F7FD /* Pods-QuickStartExampleAppTests.release.xcconfig */ = {isa = PBXFileReference; includeInIndex = 1; lastKnownFileType = text.xcconfig; name = "Pods-QuickStartExampleAppTests.release.xcconfig"; path = "Pods/Target Support Files/Pods-QuickStartExampleAppTests/Pods-QuickStartExampleAppTests.release.xcconfig"; sourceTree = "<group>"; };
		327DD6AA1FB3AA48008DADC2 /* QuickStartExampleApp.app */ = {isa = PBXFileReference; explicitFileType = wrapper.application; includeInIndex = 0; path = QuickStartExampleApp.app; sourceTree = BUILT_PRODUCTS_DIR; };
		327DD6AD1FB3AA49008DADC2 /* AppDelegate.swift */ = {isa = PBXFileReference; lastKnownFileType = sourcecode.swift; path = AppDelegate.swift; sourceTree = "<group>"; };
		327DD6AF1FB3AA49008DADC2 /* ViewController.swift */ = {isa = PBXFileReference; lastKnownFileType = sourcecode.swift; path = ViewController.swift; sourceTree = "<group>"; };
		327DD6B21FB3AA49008DADC2 /* Base */ = {isa = PBXFileReference; lastKnownFileType = file.storyboard; name = Base; path = Base.lproj/Main.storyboard; sourceTree = "<group>"; };
		327DD6B41FB3AA49008DADC2 /* Assets.xcassets */ = {isa = PBXFileReference; lastKnownFileType = folder.assetcatalog; path = Assets.xcassets; sourceTree = "<group>"; };
		327DD6B71FB3AA49008DADC2 /* Base */ = {isa = PBXFileReference; lastKnownFileType = file.storyboard; name = Base; path = Base.lproj/LaunchScreen.storyboard; sourceTree = "<group>"; };
		327DD6B91FB3AA49008DADC2 /* Info.plist */ = {isa = PBXFileReference; lastKnownFileType = text.plist.xml; path = Info.plist; sourceTree = "<group>"; };
		327DD6BE1FB3AA49008DADC2 /* QuickStartExampleAppTests.xctest */ = {isa = PBXFileReference; explicitFileType = wrapper.cfbundle; includeInIndex = 0; path = QuickStartExampleAppTests.xctest; sourceTree = BUILT_PRODUCTS_DIR; };
		327DD6C21FB3AA49008DADC2 /* QuickStartExampleAppTests.swift */ = {isa = PBXFileReference; lastKnownFileType = sourcecode.swift; path = QuickStartExampleAppTests.swift; sourceTree = "<group>"; };
		327DD6C41FB3AA49008DADC2 /* Info.plist */ = {isa = PBXFileReference; lastKnownFileType = text.plist.xml; path = Info.plist; sourceTree = "<group>"; };
		327DD6C91FB3AA49008DADC2 /* QuickStartExampleAppUITests.xctest */ = {isa = PBXFileReference; explicitFileType = wrapper.cfbundle; includeInIndex = 0; path = QuickStartExampleAppUITests.xctest; sourceTree = BUILT_PRODUCTS_DIR; };
		327DD6CD1FB3AA49008DADC2 /* QuickStartExampleAppUITests.swift */ = {isa = PBXFileReference; lastKnownFileType = sourcecode.swift; path = QuickStartExampleAppUITests.swift; sourceTree = "<group>"; };
		327DD6CF1FB3AA49008DADC2 /* Info.plist */ = {isa = PBXFileReference; lastKnownFileType = text.plist.xml; path = Info.plist; sourceTree = "<group>"; };
		4AB77CB16FF09D4A422EA26B /* Pods-QuickStartExampleApp.release.xcconfig */ = {isa = PBXFileReference; includeInIndex = 1; lastKnownFileType = text.xcconfig; name = "Pods-QuickStartExampleApp.release.xcconfig"; path = "Pods/Target Support Files/Pods-QuickStartExampleApp/Pods-QuickStartExampleApp.release.xcconfig"; sourceTree = "<group>"; };
		4F978004BB2C9452F73BFD54 /* Pods-QuickStartExampleAppUITests.debug.xcconfig */ = {isa = PBXFileReference; includeInIndex = 1; lastKnownFileType = text.xcconfig; name = "Pods-QuickStartExampleAppUITests.debug.xcconfig"; path = "Pods/Target Support Files/Pods-QuickStartExampleAppUITests/Pods-QuickStartExampleAppUITests.debug.xcconfig"; sourceTree = "<group>"; };
		775A1E235B9008B0EE824683 /* Pods_QuickStartExampleApp.framework */ = {isa = PBXFileReference; explicitFileType = wrapper.framework; includeInIndex = 0; path = Pods_QuickStartExampleApp.framework; sourceTree = BUILT_PRODUCTS_DIR; };
		8556010FBEE2AB777B6AF858 /* Pods_QuickStartExampleAppTests.framework */ = {isa = PBXFileReference; explicitFileType = wrapper.framework; includeInIndex = 0; path = Pods_QuickStartExampleAppTests.framework; sourceTree = BUILT_PRODUCTS_DIR; };
		BC4486B923CF9E9400AB2174 /* postVC.swift */ = {isa = PBXFileReference; lastKnownFileType = sourcecode.swift; path = postVC.swift; sourceTree = "<group>"; };
		BC4486BB23CF9EA900AB2174 /* postCell.swift */ = {isa = PBXFileReference; lastKnownFileType = sourcecode.swift; path = postCell.swift; sourceTree = "<group>"; };
		BC57782F23BBC07A0089D723 /* Bolts.framework */ = {isa = PBXFileReference; lastKnownFileType = wrapper.framework; path = Bolts.framework; sourceTree = "<group>"; };
		BC57783023BBC07A0089D723 /* Parse.framework */ = {isa = PBXFileReference; lastKnownFileType = wrapper.framework; path = Parse.framework; sourceTree = "<group>"; };
		BC57783323BBC12C0089D723 /* AudioToolbox.framework */ = {isa = PBXFileReference; lastKnownFileType = wrapper.framework; name = AudioToolbox.framework; path = System/Library/Frameworks/AudioToolbox.framework; sourceTree = SDKROOT; };
		BC57783523BBC14B0089D723 /* CFNetwork.framework */ = {isa = PBXFileReference; lastKnownFileType = wrapper.framework; name = CFNetwork.framework; path = System/Library/Frameworks/CFNetwork.framework; sourceTree = SDKROOT; };
		BC57783723BBC15D0089D723 /* CoreGraphics.framework */ = {isa = PBXFileReference; lastKnownFileType = wrapper.framework; name = CoreGraphics.framework; path = System/Library/Frameworks/CoreGraphics.framework; sourceTree = SDKROOT; };
		BC57783923BBC1620089D723 /* CoreLocation.framework */ = {isa = PBXFileReference; lastKnownFileType = wrapper.framework; name = CoreLocation.framework; path = System/Library/Frameworks/CoreLocation.framework; sourceTree = SDKROOT; };
		BC57783B23BBC16F0089D723 /* QuartzCore.framework */ = {isa = PBXFileReference; lastKnownFileType = wrapper.framework; name = QuartzCore.framework; path = System/Library/Frameworks/QuartzCore.framework; sourceTree = SDKROOT; };
		BC57783D23BBC1790089D723 /* Security.framework */ = {isa = PBXFileReference; lastKnownFileType = wrapper.framework; name = Security.framework; path = System/Library/Frameworks/Security.framework; sourceTree = SDKROOT; };
		BC57783F23BBC1810089D723 /* StoreKit.framework */ = {isa = PBXFileReference; lastKnownFileType = wrapper.framework; name = StoreKit.framework; path = System/Library/Frameworks/StoreKit.framework; sourceTree = SDKROOT; };
		BC57784123BBC1890089D723 /* SystemConfiguration.framework */ = {isa = PBXFileReference; lastKnownFileType = wrapper.framework; name = SystemConfiguration.framework; path = System/Library/Frameworks/SystemConfiguration.framework; sourceTree = SDKROOT; };
		BC57784323BBC1DE0089D723 /* libz.1.2.11.tbd */ = {isa = PBXFileReference; lastKnownFileType = "sourcecode.text-based-dylib-definition"; name = libz.1.2.11.tbd; path = usr/lib/libz.1.2.11.tbd; sourceTree = SDKROOT; };
		BC57784523BBC1FC0089D723 /* libsqlite3.tbd */ = {isa = PBXFileReference; lastKnownFileType = "sourcecode.text-based-dylib-definition"; name = libsqlite3.tbd; path = usr/lib/libsqlite3.tbd; sourceTree = SDKROOT; };
		BC5BE59023BA69410051A1FE /* color blocks1.png */ = {isa = PBXFileReference; lastKnownFileType = image.png; path = "color blocks1.png"; sourceTree = "<group>"; };
		BC61367323BBDA7900A79A18 /* signInVC.swift */ = {isa = PBXFileReference; lastKnownFileType = sourcecode.swift; path = signInVC.swift; sourceTree = SOURCE_ROOT; };
		BC61367523BBDAA400A79A18 /* signUpVC.swift */ = {isa = PBXFileReference; lastKnownFileType = sourcecode.swift; path = signUpVC.swift; sourceTree = SOURCE_ROOT; };
		BC61367723BBDABD00A79A18 /* resetPasswordVC.swift */ = {isa = PBXFileReference; lastKnownFileType = sourcecode.swift; path = resetPasswordVC.swift; sourceTree = SOURCE_ROOT; };
		BC61367923BBF4B800A79A18 /* ppl.png */ = {isa = PBXFileReference; lastKnownFileType = image.png; path = ppl.png; sourceTree = SOURCE_ROOT; };
		BC61367C23C173D700A79A18 /* Pacifico.ttf */ = {isa = PBXFileReference; lastKnownFileType = file; name = Pacifico.ttf; path = ../../../../../Downloads/pacifico/Pacifico.ttf; sourceTree = "<group>"; };
		BC61368023C1780B00A79A18 /* bg.jpg */ = {isa = PBXFileReference; lastKnownFileType = image.jpeg; path = bg.jpg; sourceTree = "<group>"; };
		BC61368423C3995A00A79A18 /* homeVC.swift */ = {isa = PBXFileReference; lastKnownFileType = sourcecode.swift; path = homeVC.swift; sourceTree = "<group>"; };
		BC61368823C39A2400A79A18 /* headerView.swift */ = {isa = PBXFileReference; lastKnownFileType = sourcecode.swift; path = headerView.swift; sourceTree = "<group>"; };
		BC61368C23C3A6B300A79A18 /* pictureCell.swift */ = {isa = PBXFileReference; lastKnownFileType = sourcecode.swift; path = pictureCell.swift; sourceTree = "<group>"; };
		BC89760723C65F0F00E1E261 /* guestVC.swift */ = {isa = PBXFileReference; lastKnownFileType = sourcecode.swift; path = guestVC.swift; sourceTree = "<group>"; };
		BC89760923C96DBD00E1E261 /* editVC.swift */ = {isa = PBXFileReference; lastKnownFileType = sourcecode.swift; path = editVC.swift; sourceTree = "<group>"; };
		BCF3B1FB23CCF08900C5AE35 /* postbg.jpeg */ = {isa = PBXFileReference; lastKnownFileType = image.jpeg; path = postbg.jpeg; sourceTree = "<group>"; };
		BCF3B1FD23CCF24200C5AE35 /* uploadVC.swift */ = {isa = PBXFileReference; lastKnownFileType = sourcecode.swift; path = uploadVC.swift; sourceTree = "<group>"; };
		BCF8DBAC23C50F9C004BF964 /* followersVC.swift */ = {isa = PBXFileReference; lastKnownFileType = sourcecode.swift; path = followersVC.swift; sourceTree = "<group>"; };
		BCF8DBAE23C50FFB004BF964 /* followersCell.swift */ = {isa = PBXFileReference; lastKnownFileType = sourcecode.swift; path = followersCell.swift; sourceTree = "<group>"; };
		C767A8EBA99A2812762290B5 /* Pods-QuickStartExampleApp.debug.xcconfig */ = {isa = PBXFileReference; includeInIndex = 1; lastKnownFileType = text.xcconfig; name = "Pods-QuickStartExampleApp.debug.xcconfig"; path = "Pods/Target Support Files/Pods-QuickStartExampleApp/Pods-QuickStartExampleApp.debug.xcconfig"; sourceTree = "<group>"; };
		DD30C375E8E729C0361C36F0 /* Pods_QuickStartExampleAppUITests.framework */ = {isa = PBXFileReference; explicitFileType = wrapper.framework; includeInIndex = 0; path = Pods_QuickStartExampleAppUITests.framework; sourceTree = BUILT_PRODUCTS_DIR; };
		F1E5608837FB78F8C2386F96 /* Pods-QuickStartExampleAppUITests.release.xcconfig */ = {isa = PBXFileReference; includeInIndex = 1; lastKnownFileType = text.xcconfig; name = "Pods-QuickStartExampleAppUITests.release.xcconfig"; path = "Pods/Target Support Files/Pods-QuickStartExampleAppUITests/Pods-QuickStartExampleAppUITests.release.xcconfig"; sourceTree = "<group>"; };
/* End PBXFileReference section */

/* Begin PBXFrameworksBuildPhase section */
		327DD6A71FB3AA48008DADC2 /* Frameworks */ = {
			isa = PBXFrameworksBuildPhase;
			buildActionMask = 2147483647;
			files = (
				BC57784623BBC1FC0089D723 /* libsqlite3.tbd in Frameworks */,
				BC57784423BBC1DE0089D723 /* libz.1.2.11.tbd in Frameworks */,
				BC57784223BBC1890089D723 /* SystemConfiguration.framework in Frameworks */,
				BC57784023BBC1810089D723 /* StoreKit.framework in Frameworks */,
				BC57783E23BBC1790089D723 /* Security.framework in Frameworks */,
				BC57783C23BBC16F0089D723 /* QuartzCore.framework in Frameworks */,
				BC57783A23BBC1620089D723 /* CoreLocation.framework in Frameworks */,
				BC57783823BBC15D0089D723 /* CoreGraphics.framework in Frameworks */,
				BC57783623BBC14B0089D723 /* CFNetwork.framework in Frameworks */,
				BC57783423BBC12C0089D723 /* AudioToolbox.framework in Frameworks */,
				31FAFDBB119BA2A302BC20AA /* Pods_QuickStartExampleApp.framework in Frameworks */,
				BC57783223BBC07A0089D723 /* Parse.framework in Frameworks */,
				BC57783123BBC07A0089D723 /* Bolts.framework in Frameworks */,
			);
			runOnlyForDeploymentPostprocessing = 0;
		};
		327DD6BB1FB3AA49008DADC2 /* Frameworks */ = {
			isa = PBXFrameworksBuildPhase;
			buildActionMask = 2147483647;
			files = (
				6DEFB8AC23ADD74BDD1E6DB8 /* Pods_QuickStartExampleAppTests.framework in Frameworks */,
			);
			runOnlyForDeploymentPostprocessing = 0;
		};
		327DD6C61FB3AA49008DADC2 /* Frameworks */ = {
			isa = PBXFrameworksBuildPhase;
			buildActionMask = 2147483647;
			files = (
				4EB32628064A21544A24DE2F /* Pods_QuickStartExampleAppUITests.framework in Frameworks */,
			);
			runOnlyForDeploymentPostprocessing = 0;
		};
/* End PBXFrameworksBuildPhase section */

/* Begin PBXGroup section */
		327DD6A11FB3AA48008DADC2 = {
			isa = PBXGroup;
			children = (
				327DD6AC1FB3AA48008DADC2 /* QuickStartExampleApp */,
				327DD6C11FB3AA49008DADC2 /* QuickStartExampleAppTests */,
				327DD6CC1FB3AA49008DADC2 /* QuickStartExampleAppUITests */,
				327DD6AB1FB3AA48008DADC2 /* Products */,
				EDAFD456409B504977874569 /* Pods */,
				EF773AAF9005A7F0D186CB7E /* Frameworks */,
			);
			sourceTree = "<group>";
		};
		327DD6AB1FB3AA48008DADC2 /* Products */ = {
			isa = PBXGroup;
			children = (
				327DD6AA1FB3AA48008DADC2 /* QuickStartExampleApp.app */,
				327DD6BE1FB3AA49008DADC2 /* QuickStartExampleAppTests.xctest */,
				327DD6C91FB3AA49008DADC2 /* QuickStartExampleAppUITests.xctest */,
			);
			name = Products;
			sourceTree = "<group>";
		};
		327DD6AC1FB3AA48008DADC2 /* QuickStartExampleApp */ = {
			isa = PBXGroup;
			children = (
				327DD6B41FB3AA49008DADC2 /* Assets.xcassets */,
				327DD6B91FB3AA49008DADC2 /* Info.plist */,
				327DD6B61FB3AA49008DADC2 /* LaunchScreen.storyboard */,
				BCF3B1FB23CCF08900C5AE35 /* postbg.jpeg */,
				BC61367923BBF4B800A79A18 /* ppl.png */,
				BC5BE59023BA69410051A1FE /* color blocks1.png */,
				BC61368023C1780B00A79A18 /* bg.jpg */,
				BC61367C23C173D700A79A18 /* Pacifico.ttf */,
				BC61367323BBDA7900A79A18 /* signInVC.swift */,
				BC61367523BBDAA400A79A18 /* signUpVC.swift */,
				BC61367723BBDABD00A79A18 /* resetPasswordVC.swift */,
				327DD6AD1FB3AA49008DADC2 /* AppDelegate.swift */,
				327DD6AF1FB3AA49008DADC2 /* ViewController.swift */,
				BCF8DBAC23C50F9C004BF964 /* followersVC.swift */,
				BCF8DBAE23C50FFB004BF964 /* followersCell.swift */,
				BC61368C23C3A6B300A79A18 /* pictureCell.swift */,
				BC61368823C39A2400A79A18 /* headerView.swift */,
				BC61368423C3995A00A79A18 /* homeVC.swift */,
				327DD6B11FB3AA49008DADC2 /* Main.storyboard */,
				BC4486B923CF9E9400AB2174 /* postVC.swift */,
				BC4486BB23CF9EA900AB2174 /* postCell.swift */,
				BCF3B1FD23CCF24200C5AE35 /* uploadVC.swift */,
				BC89760923C96DBD00E1E261 /* editVC.swift */,
				BC89760723C65F0F00E1E261 /* guestVC.swift */,
			);
			path = QuickStartExampleApp;
			sourceTree = "<group>";
		};
		327DD6C11FB3AA49008DADC2 /* QuickStartExampleAppTests */ = {
			isa = PBXGroup;
			children = (
				327DD6C21FB3AA49008DADC2 /* QuickStartExampleAppTests.swift */,
				327DD6C41FB3AA49008DADC2 /* Info.plist */,
			);
			path = QuickStartExampleAppTests;
			sourceTree = "<group>";
		};
		327DD6CC1FB3AA49008DADC2 /* QuickStartExampleAppUITests */ = {
			isa = PBXGroup;
			children = (
				327DD6CD1FB3AA49008DADC2 /* QuickStartExampleAppUITests.swift */,
				327DD6CF1FB3AA49008DADC2 /* Info.plist */,
			);
			path = QuickStartExampleAppUITests;
			sourceTree = "<group>";
		};
		EDAFD456409B504977874569 /* Pods */ = {
			isa = PBXGroup;
			children = (
				C767A8EBA99A2812762290B5 /* Pods-QuickStartExampleApp.debug.xcconfig */,
				4AB77CB16FF09D4A422EA26B /* Pods-QuickStartExampleApp.release.xcconfig */,
				0E045F7B34373DBB66EE3EEF /* Pods-QuickStartExampleAppTests.debug.xcconfig */,
				2A210462ECCC90785025F7FD /* Pods-QuickStartExampleAppTests.release.xcconfig */,
				4F978004BB2C9452F73BFD54 /* Pods-QuickStartExampleAppUITests.debug.xcconfig */,
				F1E5608837FB78F8C2386F96 /* Pods-QuickStartExampleAppUITests.release.xcconfig */,
			);
			name = Pods;
			sourceTree = "<group>";
		};
		EF773AAF9005A7F0D186CB7E /* Frameworks */ = {
			isa = PBXGroup;
			children = (
				BC57782F23BBC07A0089D723 /* Bolts.framework */,
				BC57783023BBC07A0089D723 /* Parse.framework */,
				BC57784523BBC1FC0089D723 /* libsqlite3.tbd */,
				BC57784323BBC1DE0089D723 /* libz.1.2.11.tbd */,
				BC57784123BBC1890089D723 /* SystemConfiguration.framework */,
				BC57783F23BBC1810089D723 /* StoreKit.framework */,
				BC57783D23BBC1790089D723 /* Security.framework */,
				BC57783B23BBC16F0089D723 /* QuartzCore.framework */,
				BC57783923BBC1620089D723 /* CoreLocation.framework */,
				BC57783723BBC15D0089D723 /* CoreGraphics.framework */,
				BC57783523BBC14B0089D723 /* CFNetwork.framework */,
				BC57783323BBC12C0089D723 /* AudioToolbox.framework */,
				775A1E235B9008B0EE824683 /* Pods_QuickStartExampleApp.framework */,
				8556010FBEE2AB777B6AF858 /* Pods_QuickStartExampleAppTests.framework */,
				DD30C375E8E729C0361C36F0 /* Pods_QuickStartExampleAppUITests.framework */,
			);
			name = Frameworks;
			sourceTree = "<group>";
		};
/* End PBXGroup section */

/* Begin PBXNativeTarget section */
		327DD6A91FB3AA48008DADC2 /* QuickStartExampleApp */ = {
			isa = PBXNativeTarget;
			buildConfigurationList = 327DD6D21FB3AA49008DADC2 /* Build configuration list for PBXNativeTarget "QuickStartExampleApp" */;
			buildPhases = (
				9DD433D9D5662C75F78FB18C /* [CP] Check Pods Manifest.lock */,
				327DD6A61FB3AA48008DADC2 /* Sources */,
				327DD6A71FB3AA48008DADC2 /* Frameworks */,
				327DD6A81FB3AA48008DADC2 /* Resources */,
				64F215F60202FE38A141A634 /* [CP] Embed Pods Frameworks */,
			);
			buildRules = (
			);
			dependencies = (
			);
			name = QuickStartExampleApp;
			productName = QuickStartExampleApp;
			productReference = 327DD6AA1FB3AA48008DADC2 /* QuickStartExampleApp.app */;
			productType = "com.apple.product-type.application";
		};
		327DD6BD1FB3AA49008DADC2 /* QuickStartExampleAppTests */ = {
			isa = PBXNativeTarget;
			buildConfigurationList = 327DD6D51FB3AA49008DADC2 /* Build configuration list for PBXNativeTarget "QuickStartExampleAppTests" */;
			buildPhases = (
				FCF1F1869DBE21EAAE0A2734 /* [CP] Check Pods Manifest.lock */,
				327DD6BA1FB3AA49008DADC2 /* Sources */,
				327DD6BB1FB3AA49008DADC2 /* Frameworks */,
				327DD6BC1FB3AA49008DADC2 /* Resources */,
				E32DF10B973215EB5238FCDA /* [CP] Embed Pods Frameworks */,
			);
			buildRules = (
			);
			dependencies = (
				327DD6C01FB3AA49008DADC2 /* PBXTargetDependency */,
			);
			name = QuickStartExampleAppTests;
			productName = QuickStartExampleAppTests;
			productReference = 327DD6BE1FB3AA49008DADC2 /* QuickStartExampleAppTests.xctest */;
			productType = "com.apple.product-type.bundle.unit-test";
		};
		327DD6C81FB3AA49008DADC2 /* QuickStartExampleAppUITests */ = {
			isa = PBXNativeTarget;
			buildConfigurationList = 327DD6D81FB3AA49008DADC2 /* Build configuration list for PBXNativeTarget "QuickStartExampleAppUITests" */;
			buildPhases = (
				639E05AA77E5ABB3F82115FD /* [CP] Check Pods Manifest.lock */,
				327DD6C51FB3AA49008DADC2 /* Sources */,
				327DD6C61FB3AA49008DADC2 /* Frameworks */,
				327DD6C71FB3AA49008DADC2 /* Resources */,
				FD425684FE6A7A534DB0781E /* [CP] Embed Pods Frameworks */,
			);
			buildRules = (
			);
			dependencies = (
				327DD6CB1FB3AA49008DADC2 /* PBXTargetDependency */,
			);
			name = QuickStartExampleAppUITests;
			productName = QuickStartExampleAppUITests;
			productReference = 327DD6C91FB3AA49008DADC2 /* QuickStartExampleAppUITests.xctest */;
			productType = "com.apple.product-type.bundle.ui-testing";
		};
/* End PBXNativeTarget section */

/* Begin PBXProject section */
		327DD6A21FB3AA48008DADC2 /* Project object */ = {
			isa = PBXProject;
			attributes = {
				LastSwiftUpdateCheck = 0900;
				LastUpgradeCheck = 0900;
				ORGANIZATIONNAME = Back4App;
				TargetAttributes = {
					327DD6A91FB3AA48008DADC2 = {
						CreatedOnToolsVersion = 9.0.1;
						ProvisioningStyle = Automatic;
					};
					327DD6BD1FB3AA49008DADC2 = {
						CreatedOnToolsVersion = 9.0.1;
						ProvisioningStyle = Automatic;
						TestTargetID = 327DD6A91FB3AA48008DADC2;
					};
					327DD6C81FB3AA49008DADC2 = {
						CreatedOnToolsVersion = 9.0.1;
						ProvisioningStyle = Automatic;
						TestTargetID = 327DD6A91FB3AA48008DADC2;
					};
				};
			};
			buildConfigurationList = 327DD6A51FB3AA48008DADC2 /* Build configuration list for PBXProject "QuickStartExampleApp" */;
			compatibilityVersion = "Xcode 8.0";
			developmentRegion = en;
			hasScannedForEncodings = 0;
			knownRegions = (
				en,
				Base,
			);
			mainGroup = 327DD6A11FB3AA48008DADC2;
			productRefGroup = 327DD6AB1FB3AA48008DADC2 /* Products */;
			projectDirPath = "";
			projectRoot = "";
			targets = (
				327DD6A91FB3AA48008DADC2 /* QuickStartExampleApp */,
				327DD6BD1FB3AA49008DADC2 /* QuickStartExampleAppTests */,
				327DD6C81FB3AA49008DADC2 /* QuickStartExampleAppUITests */,
			);
		};
/* End PBXProject section */

/* Begin PBXResourcesBuildPhase section */
		327DD6A81FB3AA48008DADC2 /* Resources */ = {
			isa = PBXResourcesBuildPhase;
			buildActionMask = 2147483647;
			files = (
				327DD6B81FB3AA49008DADC2 /* LaunchScreen.storyboard in Resources */,
				BC61367A23BBF4B900A79A18 /* ppl.png in Resources */,
				BC61367D23C173D700A79A18 /* Pacifico.ttf in Resources */,
				327DD6B51FB3AA49008DADC2 /* Assets.xcassets in Resources */,
				BC5BE59123BA69410051A1FE /* color blocks1.png in Resources */,
				327DD6B31FB3AA49008DADC2 /* Main.storyboard in Resources */,
				BCF3B1FC23CCF08900C5AE35 /* postbg.jpeg in Resources */,
				BC61368123C1780B00A79A18 /* bg.jpg in Resources */,
			);
			runOnlyForDeploymentPostprocessing = 0;
		};
		327DD6BC1FB3AA49008DADC2 /* Resources */ = {
			isa = PBXResourcesBuildPhase;
			buildActionMask = 2147483647;
			files = (
				BC61367E23C173D700A79A18 /* Pacifico.ttf in Resources */,
				BC61368223C1780B00A79A18 /* bg.jpg in Resources */,
			);
			runOnlyForDeploymentPostprocessing = 0;
		};
		327DD6C71FB3AA49008DADC2 /* Resources */ = {
			isa = PBXResourcesBuildPhase;
			buildActionMask = 2147483647;
			files = (
				BC61367F23C173D700A79A18 /* Pacifico.ttf in Resources */,
				BC61368323C1780B00A79A18 /* bg.jpg in Resources */,
			);
			runOnlyForDeploymentPostprocessing = 0;
		};
/* End PBXResourcesBuildPhase section */

/* Begin PBXShellScriptBuildPhase section */
		639E05AA77E5ABB3F82115FD /* [CP] Check Pods Manifest.lock */ = {
			isa = PBXShellScriptBuildPhase;
			buildActionMask = 2147483647;
			files = (
			);
			inputPaths = (
				"${PODS_PODFILE_DIR_PATH}/Podfile.lock",
				"${PODS_ROOT}/Manifest.lock",
			);
			name = "[CP] Check Pods Manifest.lock";
			outputPaths = (
				"$(DERIVED_FILE_DIR)/Pods-QuickStartExampleAppUITests-checkManifestLockResult.txt",
			);
			runOnlyForDeploymentPostprocessing = 0;
			shellPath = /bin/sh;
			shellScript = "diff \"${PODS_PODFILE_DIR_PATH}/Podfile.lock\" \"${PODS_ROOT}/Manifest.lock\" > /dev/null\nif [ $? != 0 ] ; then\n    # print error to STDERR\n    echo \"error: The sandbox is not in sync with the Podfile.lock. Run 'pod install' or update your CocoaPods installation.\" >&2\n    exit 1\nfi\n# This output is used by Xcode 'outputs' to avoid re-running this script phase.\necho \"SUCCESS\" > \"${SCRIPT_OUTPUT_FILE_0}\"\n";
			showEnvVarsInLog = 0;
		};
		64F215F60202FE38A141A634 /* [CP] Embed Pods Frameworks */ = {
			isa = PBXShellScriptBuildPhase;
			buildActionMask = 2147483647;
			files = (
			);
			inputPaths = (
				"${PODS_ROOT}/Target Support Files/Pods-QuickStartExampleApp/Pods-QuickStartExampleApp-frameworks.sh",
				"${BUILT_PRODUCTS_DIR}/Bolts/Bolts.framework",
				"${BUILT_PRODUCTS_DIR}/Parse/Parse.framework",
			);
			name = "[CP] Embed Pods Frameworks";
			outputPaths = (
				"${TARGET_BUILD_DIR}/${FRAMEWORKS_FOLDER_PATH}/Bolts.framework",
				"${TARGET_BUILD_DIR}/${FRAMEWORKS_FOLDER_PATH}/Parse.framework",
			);
			runOnlyForDeploymentPostprocessing = 0;
			shellPath = /bin/sh;
			shellScript = "\"${PODS_ROOT}/Target Support Files/Pods-QuickStartExampleApp/Pods-QuickStartExampleApp-frameworks.sh\"\n";
			showEnvVarsInLog = 0;
		};
		9DD433D9D5662C75F78FB18C /* [CP] Check Pods Manifest.lock */ = {
			isa = PBXShellScriptBuildPhase;
			buildActionMask = 2147483647;
			files = (
			);
			inputPaths = (
				"${PODS_PODFILE_DIR_PATH}/Podfile.lock",
				"${PODS_ROOT}/Manifest.lock",
			);
			name = "[CP] Check Pods Manifest.lock";
			outputPaths = (
				"$(DERIVED_FILE_DIR)/Pods-QuickStartExampleApp-checkManifestLockResult.txt",
			);
			runOnlyForDeploymentPostprocessing = 0;
			shellPath = /bin/sh;
			shellScript = "diff \"${PODS_PODFILE_DIR_PATH}/Podfile.lock\" \"${PODS_ROOT}/Manifest.lock\" > /dev/null\nif [ $? != 0 ] ; then\n    # print error to STDERR\n    echo \"error: The sandbox is not in sync with the Podfile.lock. Run 'pod install' or update your CocoaPods installation.\" >&2\n    exit 1\nfi\n# This output is used by Xcode 'outputs' to avoid re-running this script phase.\necho \"SUCCESS\" > \"${SCRIPT_OUTPUT_FILE_0}\"\n";
			showEnvVarsInLog = 0;
		};
		E32DF10B973215EB5238FCDA /* [CP] Embed Pods Frameworks */ = {
			isa = PBXShellScriptBuildPhase;
			buildActionMask = 2147483647;
			files = (
			);
			inputPaths = (
				"${PODS_ROOT}/Target Support Files/Pods-QuickStartExampleAppTests/Pods-QuickStartExampleAppTests-frameworks.sh",
				"${BUILT_PRODUCTS_DIR}/Bolts/Bolts.framework",
				"${BUILT_PRODUCTS_DIR}/Parse/Parse.framework",
			);
			name = "[CP] Embed Pods Frameworks";
			outputPaths = (
				"${TARGET_BUILD_DIR}/${FRAMEWORKS_FOLDER_PATH}/Bolts.framework",
				"${TARGET_BUILD_DIR}/${FRAMEWORKS_FOLDER_PATH}/Parse.framework",
			);
			runOnlyForDeploymentPostprocessing = 0;
			shellPath = /bin/sh;
			shellScript = "\"${PODS_ROOT}/Target Support Files/Pods-QuickStartExampleAppTests/Pods-QuickStartExampleAppTests-frameworks.sh\"\n";
			showEnvVarsInLog = 0;
		};
		FCF1F1869DBE21EAAE0A2734 /* [CP] Check Pods Manifest.lock */ = {
			isa = PBXShellScriptBuildPhase;
			buildActionMask = 2147483647;
			files = (
			);
			inputPaths = (
				"${PODS_PODFILE_DIR_PATH}/Podfile.lock",
				"${PODS_ROOT}/Manifest.lock",
			);
			name = "[CP] Check Pods Manifest.lock";
			outputPaths = (
				"$(DERIVED_FILE_DIR)/Pods-QuickStartExampleAppTests-checkManifestLockResult.txt",
			);
			runOnlyForDeploymentPostprocessing = 0;
			shellPath = /bin/sh;
			shellScript = "diff \"${PODS_PODFILE_DIR_PATH}/Podfile.lock\" \"${PODS_ROOT}/Manifest.lock\" > /dev/null\nif [ $? != 0 ] ; then\n    # print error to STDERR\n    echo \"error: The sandbox is not in sync with the Podfile.lock. Run 'pod install' or update your CocoaPods installation.\" >&2\n    exit 1\nfi\n# This output is used by Xcode 'outputs' to avoid re-running this script phase.\necho \"SUCCESS\" > \"${SCRIPT_OUTPUT_FILE_0}\"\n";
			showEnvVarsInLog = 0;
		};
		FD425684FE6A7A534DB0781E /* [CP] Embed Pods Frameworks */ = {
			isa = PBXShellScriptBuildPhase;
			buildActionMask = 2147483647;
			files = (
			);
			inputPaths = (
				"${PODS_ROOT}/Target Support Files/Pods-QuickStartExampleAppUITests/Pods-QuickStartExampleAppUITests-frameworks.sh",
				"${BUILT_PRODUCTS_DIR}/Bolts/Bolts.framework",
				"${BUILT_PRODUCTS_DIR}/Parse/Parse.framework",
			);
			name = "[CP] Embed Pods Frameworks";
			outputPaths = (
				"${TARGET_BUILD_DIR}/${FRAMEWORKS_FOLDER_PATH}/Bolts.framework",
				"${TARGET_BUILD_DIR}/${FRAMEWORKS_FOLDER_PATH}/Parse.framework",
			);
			runOnlyForDeploymentPostprocessing = 0;
			shellPath = /bin/sh;
			shellScript = "\"${PODS_ROOT}/Target Support Files/Pods-QuickStartExampleAppUITests/Pods-QuickStartExampleAppUITests-frameworks.sh\"\n";
			showEnvVarsInLog = 0;
		};
/* End PBXShellScriptBuildPhase section */

/* Begin PBXSourcesBuildPhase section */
		327DD6A61FB3AA48008DADC2 /* Sources */ = {
			isa = PBXSourcesBuildPhase;
			buildActionMask = 2147483647;
			files = (
				BC89760823C65F0F00E1E261 /* guestVC.swift in Sources */,
				BC61368D23C3A6B300A79A18 /* pictureCell.swift in Sources */,
				BC89760A23C96DBD00E1E261 /* editVC.swift in Sources */,
				BC61367623BBDAA400A79A18 /* signUpVC.swift in Sources */,
				BC4486BC23CF9EA900AB2174 /* postCell.swift in Sources */,
				BC61368523C3995A00A79A18 /* homeVC.swift in Sources */,
				327DD6B01FB3AA49008DADC2 /* ViewController.swift in Sources */,
				BC61368923C39A2400A79A18 /* headerView.swift in Sources */,
				BCF8DBAD23C50F9C004BF964 /* followersVC.swift in Sources */,
				BCF3B1FE23CCF24200C5AE35 /* uploadVC.swift in Sources */,
				BC61367423BBDA7900A79A18 /* signInVC.swift in Sources */,
				BCF8DBAF23C50FFB004BF964 /* followersCell.swift in Sources */,
				327DD6AE1FB3AA49008DADC2 /* AppDelegate.swift in Sources */,
				BC4486BA23CF9E9400AB2174 /* postVC.swift in Sources */,
				BC61367823BBDABD00A79A18 /* resetPasswordVC.swift in Sources */,
			);
			runOnlyForDeploymentPostprocessing = 0;
		};
		327DD6BA1FB3AA49008DADC2 /* Sources */ = {
			isa = PBXSourcesBuildPhase;
			buildActionMask = 2147483647;
			files = (
				328C1A841FB521E300511129 /* AppDelegate.swift in Sources */,
				BC61368623C3995A00A79A18 /* homeVC.swift in Sources */,
				327DD6C31FB3AA49008DADC2 /* QuickStartExampleAppTests.swift in Sources */,
				BC61368A23C39A2400A79A18 /* headerView.swift in Sources */,
			);
			runOnlyForDeploymentPostprocessing = 0;
		};
		327DD6C51FB3AA49008DADC2 /* Sources */ = {
			isa = PBXSourcesBuildPhase;
			buildActionMask = 2147483647;
			files = (
				328C1A851FB521E400511129 /* AppDelegate.swift in Sources */,
				BC61368723C3995A00A79A18 /* homeVC.swift in Sources */,
				327DD6CE1FB3AA49008DADC2 /* QuickStartExampleAppUITests.swift in Sources */,
				BC61368B23C39A2400A79A18 /* headerView.swift in Sources */,
			);
			runOnlyForDeploymentPostprocessing = 0;
		};
/* End PBXSourcesBuildPhase section */

/* Begin PBXTargetDependency section */
		327DD6C01FB3AA49008DADC2 /* PBXTargetDependency */ = {
			isa = PBXTargetDependency;
			target = 327DD6A91FB3AA48008DADC2 /* QuickStartExampleApp */;
			targetProxy = 327DD6BF1FB3AA49008DADC2 /* PBXContainerItemProxy */;
		};
		327DD6CB1FB3AA49008DADC2 /* PBXTargetDependency */ = {
			isa = PBXTargetDependency;
			target = 327DD6A91FB3AA48008DADC2 /* QuickStartExampleApp */;
			targetProxy = 327DD6CA1FB3AA49008DADC2 /* PBXContainerItemProxy */;
		};
/* End PBXTargetDependency section */

/* Begin PBXVariantGroup section */
		327DD6B11FB3AA49008DADC2 /* Main.storyboard */ = {
			isa = PBXVariantGroup;
			children = (
				327DD6B21FB3AA49008DADC2 /* Base */,
			);
			name = Main.storyboard;
			sourceTree = "<group>";
		};
		327DD6B61FB3AA49008DADC2 /* LaunchScreen.storyboard */ = {
			isa = PBXVariantGroup;
			children = (
				327DD6B71FB3AA49008DADC2 /* Base */,
			);
			name = LaunchScreen.storyboard;
			sourceTree = "<group>";
		};
/* End PBXVariantGroup section */

/* Begin XCBuildConfiguration section */
		327DD6D01FB3AA49008DADC2 /* Debug */ = {
			isa = XCBuildConfiguration;
			buildSettings = {
				ALWAYS_SEARCH_USER_PATHS = NO;
				CLANG_ANALYZER_NONNULL = YES;
				CLANG_ANALYZER_NUMBER_OBJECT_CONVERSION = YES_AGGRESSIVE;
				CLANG_CXX_LANGUAGE_STANDARD = "gnu++14";
				CLANG_CXX_LIBRARY = "libc++";
				CLANG_ENABLE_MODULES = YES;
				CLANG_ENABLE_OBJC_ARC = YES;
				CLANG_WARN_BLOCK_CAPTURE_AUTORELEASING = YES;
				CLANG_WARN_BOOL_CONVERSION = YES;
				CLANG_WARN_COMMA = YES;
				CLANG_WARN_CONSTANT_CONVERSION = YES;
				CLANG_WARN_DIRECT_OBJC_ISA_USAGE = YES_ERROR;
				CLANG_WARN_DOCUMENTATION_COMMENTS = YES;
				CLANG_WARN_EMPTY_BODY = YES;
				CLANG_WARN_ENUM_CONVERSION = YES;
				CLANG_WARN_INFINITE_RECURSION = YES;
				CLANG_WARN_INT_CONVERSION = YES;
				CLANG_WARN_NON_LITERAL_NULL_CONVERSION = YES;
				CLANG_WARN_OBJC_LITERAL_CONVERSION = YES;
				CLANG_WARN_OBJC_ROOT_CLASS = YES_ERROR;
				CLANG_WARN_RANGE_LOOP_ANALYSIS = YES;
				CLANG_WARN_STRICT_PROTOTYPES = YES;
				CLANG_WARN_SUSPICIOUS_MOVE = YES;
				CLANG_WARN_UNGUARDED_AVAILABILITY = YES_AGGRESSIVE;
				CLANG_WARN_UNREACHABLE_CODE = YES;
				CLANG_WARN__DUPLICATE_METHOD_MATCH = YES;
				CODE_SIGN_IDENTITY = "iPhone Developer";
				COPY_PHASE_STRIP = NO;
				DEBUG_INFORMATION_FORMAT = dwarf;
				ENABLE_STRICT_OBJC_MSGSEND = YES;
				ENABLE_TESTABILITY = YES;
				GCC_C_LANGUAGE_STANDARD = gnu11;
				GCC_DYNAMIC_NO_PIC = NO;
				GCC_NO_COMMON_BLOCKS = YES;
				GCC_OPTIMIZATION_LEVEL = 0;
				GCC_PREPROCESSOR_DEFINITIONS = (
					"DEBUG=1",
					"$(inherited)",
				);
				GCC_WARN_64_TO_32_BIT_CONVERSION = YES;
				GCC_WARN_ABOUT_RETURN_TYPE = YES_ERROR;
				GCC_WARN_UNDECLARED_SELECTOR = YES;
				GCC_WARN_UNINITIALIZED_AUTOS = YES_AGGRESSIVE;
				GCC_WARN_UNUSED_FUNCTION = YES;
				GCC_WARN_UNUSED_VARIABLE = YES;
				IPHONEOS_DEPLOYMENT_TARGET = 11.0;
				MTL_ENABLE_DEBUG_INFO = YES;
				ONLY_ACTIVE_ARCH = YES;
				SDKROOT = iphoneos;
				SWIFT_ACTIVE_COMPILATION_CONDITIONS = DEBUG;
				SWIFT_OPTIMIZATION_LEVEL = "-Onone";
			};
			name = Debug;
		};
		327DD6D11FB3AA49008DADC2 /* Release */ = {
			isa = XCBuildConfiguration;
			buildSettings = {
				ALWAYS_SEARCH_USER_PATHS = NO;
				CLANG_ANALYZER_NONNULL = YES;
				CLANG_ANALYZER_NUMBER_OBJECT_CONVERSION = YES_AGGRESSIVE;
				CLANG_CXX_LANGUAGE_STANDARD = "gnu++14";
				CLANG_CXX_LIBRARY = "libc++";
				CLANG_ENABLE_MODULES = YES;
				CLANG_ENABLE_OBJC_ARC = YES;
				CLANG_WARN_BLOCK_CAPTURE_AUTORELEASING = YES;
				CLANG_WARN_BOOL_CONVERSION = YES;
				CLANG_WARN_COMMA = YES;
				CLANG_WARN_CONSTANT_CONVERSION = YES;
				CLANG_WARN_DIRECT_OBJC_ISA_USAGE = YES_ERROR;
				CLANG_WARN_DOCUMENTATION_COMMENTS = YES;
				CLANG_WARN_EMPTY_BODY = YES;
				CLANG_WARN_ENUM_CONVERSION = YES;
				CLANG_WARN_INFINITE_RECURSION = YES;
				CLANG_WARN_INT_CONVERSION = YES;
				CLANG_WARN_NON_LITERAL_NULL_CONVERSION = YES;
				CLANG_WARN_OBJC_LITERAL_CONVERSION = YES;
				CLANG_WARN_OBJC_ROOT_CLASS = YES_ERROR;
				CLANG_WARN_RANGE_LOOP_ANALYSIS = YES;
				CLANG_WARN_STRICT_PROTOTYPES = YES;
				CLANG_WARN_SUSPICIOUS_MOVE = YES;
				CLANG_WARN_UNGUARDED_AVAILABILITY = YES_AGGRESSIVE;
				CLANG_WARN_UNREACHABLE_CODE = YES;
				CLANG_WARN__DUPLICATE_METHOD_MATCH = YES;
				CODE_SIGN_IDENTITY = "iPhone Developer";
				COPY_PHASE_STRIP = NO;
				DEBUG_INFORMATION_FORMAT = "dwarf-with-dsym";
				ENABLE_NS_ASSERTIONS = NO;
				ENABLE_STRICT_OBJC_MSGSEND = YES;
				GCC_C_LANGUAGE_STANDARD = gnu11;
				GCC_NO_COMMON_BLOCKS = YES;
				GCC_WARN_64_TO_32_BIT_CONVERSION = YES;
				GCC_WARN_ABOUT_RETURN_TYPE = YES_ERROR;
				GCC_WARN_UNDECLARED_SELECTOR = YES;
				GCC_WARN_UNINITIALIZED_AUTOS = YES_AGGRESSIVE;
				GCC_WARN_UNUSED_FUNCTION = YES;
				GCC_WARN_UNUSED_VARIABLE = YES;
				IPHONEOS_DEPLOYMENT_TARGET = 11.0;
				MTL_ENABLE_DEBUG_INFO = NO;
				SDKROOT = iphoneos;
				SWIFT_OPTIMIZATION_LEVEL = "-Owholemodule";
				VALIDATE_PRODUCT = YES;
			};
			name = Release;
		};
		327DD6D31FB3AA49008DADC2 /* Debug */ = {
			isa = XCBuildConfiguration;
			baseConfigurationReference = C767A8EBA99A2812762290B5 /* Pods-QuickStartExampleApp.debug.xcconfig */;
			buildSettings = {
				ASSETCATALOG_COMPILER_APPICON_NAME = AppIcon;
				CODE_SIGN_STYLE = Automatic;
				DEVELOPMENT_TEAM = 6YE8HKHMPN;
				FRAMEWORK_SEARCH_PATHS = (
					"$(inherited)",
					"\"$PODS_CONFIGURATION_BUILD_DIR/Bolts\"",
					"\"$PODS_CONFIGURATION_BUILD_DIR/Parse\"",
					"$(PROJECT_DIR)",
				);
				INFOPLIST_FILE = QuickStartExampleApp/Info.plist;
				IPHONEOS_DEPLOYMENT_TARGET = 13.0;
				LD_RUNPATH_SEARCH_PATHS = "$(inherited) @executable_path/Frameworks";
				PRODUCT_BUNDLE_IDENTIFIER = com.back4app.QuickStartExampleApp;
				PRODUCT_NAME = "$(TARGET_NAME)";
				SWIFT_VERSION = 5.0;
				TARGETED_DEVICE_FAMILY = "1,2";
			};
			name = Debug;
		};
		327DD6D41FB3AA49008DADC2 /* Release */ = {
			isa = XCBuildConfiguration;
			baseConfigurationReference = 4AB77CB16FF09D4A422EA26B /* Pods-QuickStartExampleApp.release.xcconfig */;
			buildSettings = {
				ASSETCATALOG_COMPILER_APPICON_NAME = AppIcon;
				CODE_SIGN_STYLE = Automatic;
				DEVELOPMENT_TEAM = 6YE8HKHMPN;
				FRAMEWORK_SEARCH_PATHS = (
					"$(inherited)",
					"\"$PODS_CONFIGURATION_BUILD_DIR/Bolts\"",
					"\"$PODS_CONFIGURATION_BUILD_DIR/Parse\"",
					"$(PROJECT_DIR)",
				);
				INFOPLIST_FILE = QuickStartExampleApp/Info.plist;
				IPHONEOS_DEPLOYMENT_TARGET = 13.0;
				LD_RUNPATH_SEARCH_PATHS = "$(inherited) @executable_path/Frameworks";
				PRODUCT_BUNDLE_IDENTIFIER = com.back4app.QuickStartExampleApp;
				PRODUCT_NAME = "$(TARGET_NAME)";
				SWIFT_VERSION = 5.0;
				TARGETED_DEVICE_FAMILY = "1,2";
			};
			name = Release;
		};
		327DD6D61FB3AA49008DADC2 /* Debug */ = {
			isa = XCBuildConfiguration;
			baseConfigurationReference = 0E045F7B34373DBB66EE3EEF /* Pods-QuickStartExampleAppTests.debug.xcconfig */;
			buildSettings = {
				ALWAYS_EMBED_SWIFT_STANDARD_LIBRARIES = YES;
				BUNDLE_LOADER = "$(TEST_HOST)";
				CODE_SIGN_STYLE = Automatic;
				DEVELOPMENT_TEAM = 6YE8HKHMPN;
				INFOPLIST_FILE = QuickStartExampleAppTests/Info.plist;
				LD_RUNPATH_SEARCH_PATHS = "$(inherited) @executable_path/Frameworks @loader_path/Frameworks";
				PRODUCT_BUNDLE_IDENTIFIER = com.back4app.QuickStartExampleAppTests;
				PRODUCT_NAME = "$(TARGET_NAME)";
				SWIFT_VERSION = 4.0;
				TARGETED_DEVICE_FAMILY = "1,2";
				TEST_HOST = "$(BUILT_PRODUCTS_DIR)/QuickStartExampleApp.app/QuickStartExampleApp";
			};
			name = Debug;
		};
		327DD6D71FB3AA49008DADC2 /* Release */ = {
			isa = XCBuildConfiguration;
			baseConfigurationReference = 2A210462ECCC90785025F7FD /* Pods-QuickStartExampleAppTests.release.xcconfig */;
			buildSettings = {
				ALWAYS_EMBED_SWIFT_STANDARD_LIBRARIES = YES;
				BUNDLE_LOADER = "$(TEST_HOST)";
				CODE_SIGN_STYLE = Automatic;
				DEVELOPMENT_TEAM = 6YE8HKHMPN;
				INFOPLIST_FILE = QuickStartExampleAppTests/Info.plist;
				LD_RUNPATH_SEARCH_PATHS = "$(inherited) @executable_path/Frameworks @loader_path/Frameworks";
				PRODUCT_BUNDLE_IDENTIFIER = com.back4app.QuickStartExampleAppTests;
				PRODUCT_NAME = "$(TARGET_NAME)";
				SWIFT_VERSION = 4.0;
				TARGETED_DEVICE_FAMILY = "1,2";
				TEST_HOST = "$(BUILT_PRODUCTS_DIR)/QuickStartExampleApp.app/QuickStartExampleApp";
			};
			name = Release;
		};
		327DD6D91FB3AA49008DADC2 /* Debug */ = {
			isa = XCBuildConfiguration;
			baseConfigurationReference = 4F978004BB2C9452F73BFD54 /* Pods-QuickStartExampleAppUITests.debug.xcconfig */;
			buildSettings = {
				ALWAYS_EMBED_SWIFT_STANDARD_LIBRARIES = YES;
				CODE_SIGN_STYLE = Automatic;
				DEVELOPMENT_TEAM = 6YE8HKHMPN;
				INFOPLIST_FILE = QuickStartExampleAppUITests/Info.plist;
				LD_RUNPATH_SEARCH_PATHS = "$(inherited) @executable_path/Frameworks @loader_path/Frameworks";
				PRODUCT_BUNDLE_IDENTIFIER = com.back4app.QuickStartExampleAppUITests;
				PRODUCT_NAME = "$(TARGET_NAME)";
				SWIFT_VERSION = 4.0;
				TARGETED_DEVICE_FAMILY = "1,2";
				TEST_TARGET_NAME = QuickStartExampleApp;
			};
			name = Debug;
		};
		327DD6DA1FB3AA49008DADC2 /* Release */ = {
			isa = XCBuildConfiguration;
			baseConfigurationReference = F1E5608837FB78F8C2386F96 /* Pods-QuickStartExampleAppUITests.release.xcconfig */;
			buildSettings = {
				ALWAYS_EMBED_SWIFT_STANDARD_LIBRARIES = YES;
				CODE_SIGN_STYLE = Automatic;
				DEVELOPMENT_TEAM = 6YE8HKHMPN;
				INFOPLIST_FILE = QuickStartExampleAppUITests/Info.plist;
				LD_RUNPATH_SEARCH_PATHS = "$(inherited) @executable_path/Frameworks @loader_path/Frameworks";
				PRODUCT_BUNDLE_IDENTIFIER = com.back4app.QuickStartExampleAppUITests;
				PRODUCT_NAME = "$(TARGET_NAME)";
				SWIFT_VERSION = 4.0;
				TARGETED_DEVICE_FAMILY = "1,2";
				TEST_TARGET_NAME = QuickStartExampleApp;
			};
			name = Release;
		};
/* End XCBuildConfiguration section */

/* Begin XCConfigurationList section */
		327DD6A51FB3AA48008DADC2 /* Build configuration list for PBXProject "QuickStartExampleApp" */ = {
			isa = XCConfigurationList;
			buildConfigurations = (
				327DD6D01FB3AA49008DADC2 /* Debug */,
				327DD6D11FB3AA49008DADC2 /* Release */,
			);
			defaultConfigurationIsVisible = 0;
			defaultConfigurationName = Release;
		};
		327DD6D21FB3AA49008DADC2 /* Build configuration list for PBXNativeTarget "QuickStartExampleApp" */ = {
			isa = XCConfigurationList;
			buildConfigurations = (
				327DD6D31FB3AA49008DADC2 /* Debug */,
				327DD6D41FB3AA49008DADC2 /* Release */,
			);
			defaultConfigurationIsVisible = 0;
			defaultConfigurationName = Release;
		};
		327DD6D51FB3AA49008DADC2 /* Build configuration list for PBXNativeTarget "QuickStartExampleAppTests" */ = {
			isa = XCConfigurationList;
			buildConfigurations = (
				327DD6D61FB3AA49008DADC2 /* Debug */,
				327DD6D71FB3AA49008DADC2 /* Release */,
			);
			defaultConfigurationIsVisible = 0;
			defaultConfigurationName = Release;
		};
		327DD6D81FB3AA49008DADC2 /* Build configuration list for PBXNativeTarget "QuickStartExampleAppUITests" */ = {
			isa = XCConfigurationList;
			buildConfigurations = (
				327DD6D91FB3AA49008DADC2 /* Debug */,
				327DD6DA1FB3AA49008DADC2 /* Release */,
			);
			defaultConfigurationIsVisible = 0;
			defaultConfigurationName = Release;
		};
/* End XCConfigurationList section */
	};
	rootObject = 327DD6A21FB3AA48008DADC2 /* Project object */;
}
